{
    "_readme": [
        "This file locks the dependencies of your project to a known state",
        "Read more about it at https://getcomposer.org/doc/01-basic-usage.md#installing-dependencies",
        "This file is @generated automatically"
    ],
    "content-hash": "93ef1a6d6dc8c95f12c00c13193984f6",
    "packages": [
        {
            "name": "kartik-v/yii2-dialog",
            "version": "v1.0.6",
            "source": {
                "type": "git",
                "url": "https://github.com/kartik-v/yii2-dialog.git",
                "reference": "510c3a35ffe79987cde9a9366cedbff545fd92d4"
            },
            "dist": {
                "type": "zip",
                "url": "https://api.github.com/repos/kartik-v/yii2-dialog/zipball/510c3a35ffe79987cde9a9366cedbff545fd92d4",
                "reference": "510c3a35ffe79987cde9a9366cedbff545fd92d4",
                "shasum": ""
            },
            "require": {
                "kartik-v/yii2-krajee-base": ">=3.0.0"
            },
            "type": "yii2-extension",
            "extra": {
                "branch-alias": {
                    "dev-master": "1.0.x-dev"
                }
            },
            "autoload": {
                "psr-4": {
                    "kartik\\dialog\\": "src"
                }
            },
            "notification-url": "https://packagist.org/downloads/",
            "license": [
                "BSD-3-Clause"
            ],
            "authors": [
                {
                    "name": "Kartik Visweswaran",
                    "email": "kartikv2@gmail.com",
                    "homepage": "http://www.krajee.com/"
                }
            ],
            "description": "An asset bundle for bootstrap3-dialog for Yii 2.0 framework.",
            "homepage": "https://github.com/kartik-v/yii2-dialog",
            "keywords": [
                "alert",
                "bootstrap",
                "dialog",
                "extension",
                "modal",
                "yii2"
            ],
            "support": {
                "issues": "https://github.com/kartik-v/yii2-dialog/issues",
                "source": "https://github.com/kartik-v/yii2-dialog/tree/v1.0.6"
            },
            "time": "2021-09-02T08:26:37+00:00"
        },
        {
            "name": "kartik-v/yii2-grid",
            "version": "v3.5.3",
            "source": {
                "type": "git",
                "url": "https://github.com/kartik-v/yii2-grid.git",
                "reference": "cfc1a8e18bddfe22668783abb70f08583abab0a9"
            },
            "dist": {
                "type": "zip",
                "url": "https://api.github.com/repos/kartik-v/yii2-grid/zipball/cfc1a8e18bddfe22668783abb70f08583abab0a9",
                "reference": "cfc1a8e18bddfe22668783abb70f08583abab0a9",
                "shasum": ""
            },
            "require": {
                "kartik-v/yii2-dialog": "~1.0",
                "kartik-v/yii2-krajee-base": ">=3.0.3"
            },
            "suggest": {
                "kartik-v/yii2-bootstrap4-dropdown": "For enabling dropdown support when using with Bootstrap v4.x",
                "kartik-v/yii2-bootstrap5-dropdown": "For enabling dropdown support when using with Bootstrap v5.x",
                "kartik-v/yii2-mpdf": "For exporting grids to PDF"
            },
            "type": "yii2-extension",
            "extra": {
                "branch-alias": {
                    "dev-master": "3.5.x-dev"
                }
            },
            "autoload": {
                "psr-4": {
                    "kartik\\grid\\": "src"
                }
            },
            "notification-url": "https://packagist.org/downloads/",
            "license": [
                "BSD-3-Clause"
            ],
            "authors": [
                {
                    "name": "Kartik Visweswaran",
                    "email": "kartikv2@gmail.com",
                    "homepage": "http://www.krajee.com/"
                }
            ],
            "description": "Yii 2 GridView on steroids. Various enhancements and utilities for the Yii 2.0 GridView widget.",
            "homepage": "https://github.com/kartik-v/yii2-grid",
            "keywords": [
                "extension",
                "grid",
                "widget",
                "yii2"
            ],
            "support": {
                "issues": "https://github.com/kartik-v/yii2-grid/issues",
                "source": "https://github.com/kartik-v/yii2-grid/tree/v3.5.3"
            },
            "funding": [
                {
                    "url": "https://opencollective.com/yii2-grid",
                    "type": "open_collective"
                }
            ],
            "time": "2023-07-25T11:41:33+00:00"
        },
        {
            "name": "kartik-v/yii2-krajee-base",
            "version": "v3.0.5",
            "source": {
                "type": "git",
                "url": "https://github.com/kartik-v/yii2-krajee-base.git",
                "reference": "5c095126d1be47e0bb1f92779b7dc099f6feae31"
            },
            "dist": {
                "type": "zip",
                "url": "https://api.github.com/repos/kartik-v/yii2-krajee-base/zipball/5c095126d1be47e0bb1f92779b7dc099f6feae31",
                "reference": "5c095126d1be47e0bb1f92779b7dc099f6feae31",
                "shasum": ""
            },
            "suggest": {
                "yiisoft/yii2-bootstrap": "for Krajee extensions to work with Bootstrap 3.x version",
                "yiisoft/yii2-bootstrap4": "for Krajee extensions to work with Bootstrap 4.x version",
                "yiisoft/yii2-bootstrap5": "for Krajee extensions to work with Bootstrap 5.x version"
            },
            "type": "yii2-extension",
            "extra": {
                "branch-alias": {
                    "dev-master": "3.0.x-dev"
                }
            },
            "autoload": {
                "psr-4": {
                    "kartik\\base\\": "src"
                }
            },
            "notification-url": "https://packagist.org/downloads/",
            "license": [
                "BSD-3-Clause"
            ],
            "authors": [
                {
                    "name": "Kartik Visweswaran",
                    "email": "kartikv2@gmail.com",
                    "homepage": "http://www.krajee.com/"
                }
            ],
            "description": "Base library and foundation components for all Yii2 Krajee extensions.",
            "homepage": "https://github.com/kartik-v/yii2-krajee-base",
            "keywords": [
                "base",
                "extension",
                "foundation",
                "krajee",
                "widget",
                "yii2"
            ],
            "support": {
                "issues": "https://github.com/kartik-v/yii2-krajee-base/issues",
                "source": "https://github.com/kartik-v/yii2-krajee-base/tree/v3.0.5"
            },
            "time": "2022-06-01T14:05:39+00:00"
        }
    ],
    "packages-dev": [],
    "aliases": [],
    "minimum-stability": "stable",
    "stability-flags": [],
    "prefer-stable": false,
    "prefer-lowest": false,
    "platform": [],
    "platform-dev": [],
    "plugin-api-version": "2.6.0"
}
